{
  "name": "echo",
  "version": "0.0.0",
  "lockfileVersion": 2,
  "requires": true,
  "packages": {
    "": {
      "name": "echo",
      "version": "0.0.0",
      "dependencies": {
        "@fluencelabs/fluence": "0.62.0",
        "@fluencelabs/fluence-network-environment": "1.1.2",
        "@fluencelabs/trust-graph": "3.0.4"
      }
    },
    "../aqua": {
      "name": "@fluencelabs/registry",
      "version": "0.3.1",
      "extraneous": true,
      "license": "MIT",
      "dependencies": {
        "@fluencelabs/aqua-lib": "^0.5.1",
        "@fluencelabs/trust-graph": "^3.0.1"
      },
      "devDependencies": {
        "@fluencelabs/aqua": "0.7.7-350"
      }
    },
    "node_modules/@fluencelabs/aqua-lib": {
      "version": "0.5.2",
      "resolved": "https://registry.npmjs.org/@fluencelabs/aqua-lib/-/aqua-lib-0.5.2.tgz",
      "integrity": "sha512-fmoFFE8myhLH9d+YR0+0ZPL2YIQyR6M1woAGu5d1xXI02Sjzn4id6dE4PpxHb8cSBPRie8AwsKobHCNqGxI8oA=="
    },
    "node_modules/@fluencelabs/fluence": {
      "version": "0.62.0",
      "resolved": "https://registry.npmjs.org/@fluencelabs/fluence/-/fluence-0.62.0.tgz",
      "integrity": "sha512-TMYGMKr6P4HdbiKKX1vWCHKWkwfaLp2ifbZAyhCFSkTJb7Ch0bcVpMOFa6sDlvOykMiAWVAZMsLHpGDhiwClIg==",
      "deprecated": "fluencelabs/fluence is deprecated in favor of a thinner CDN-distributed .js bundle, please see the following link for installation instructions https://github.com/fluencelabs/js-client#installation",
      "dependencies": {
        "@fluencelabs/interfaces": "0.5.0"
      },
      "engines": {
        "node": ">=10",
        "pnpm": ">=3"
      }
    },
    "node_modules/@fluencelabs/fluence-network-environment": {
      "version": "1.1.2",
      "resolved": "https://registry.npmjs.org/@fluencelabs/fluence-network-environment/-/fluence-network-environment-1.1.2.tgz",
      "integrity": "sha512-1Bp2gBy3oMEILMynFpOIFK/q2Pj792xpnb3AJs5QcTQAaHz9V2nrEI8OOPwBAFTmjmLBirXBqQQX63O+ePH7yg=="
    },
    "node_modules/@fluencelabs/fluence/node_modules/@fluencelabs/interfaces": {
      "version": "0.5.0",
      "resolved": "https://registry.npmjs.org/@fluencelabs/interfaces/-/interfaces-0.5.0.tgz",
      "integrity": "sha512-L3bukC3eYog82cEANAg+K7OS7CQxWvFRcdItWVZkW+Bz49uDALdkBD8Isgyl94MTKElK5i5kCiwyrxYoNmHBfA==",
      "engines": {
        "node": ">=10",
        "pnpm": ">=3"
      }
    },
    "node_modules/@fluencelabs/trust-graph": {
      "version": "3.0.4",
      "resolved": "https://registry.npmjs.org/@fluencelabs/trust-graph/-/trust-graph-3.0.4.tgz",
      "integrity": "sha512-4CWe/dBuZwrj5iU6mTrLz5JCSy5v1fw7dYjD65Pz05xWAbLH2jw72YIJfbMX0utzb1qiM8CooXv1XKPgutCIHQ==",
      "dependencies": {
        "@fluencelabs/aqua-lib": "^0.5.2"
      }
    }
  },
  "dependencies": {
    "@fluencelabs/aqua-lib": {
      "version": "0.5.2",
      "resolved": "https://registry.npmjs.org/@fluencelabs/aqua-lib/-/aqua-lib-0.5.2.tgz",
      "integrity": "sha512-fmoFFE8myhLH9d+YR0+0ZPL2YIQyR6M1woAGu5d1xXI02Sjzn4id6dE4PpxHb8cSBPRie8AwsKobHCNqGxI8oA=="
    },
    "@fluencelabs/fluence": {
      "version": "0.62.0",
      "resolved": "https://registry.npmjs.org/@fluencelabs/fluence/-/fluence-0.62.0.tgz",
      "integrity": "sha512-TMYGMKr6P4HdbiKKX1vWCHKWkwfaLp2ifbZAyhCFSkTJb7Ch0bcVpMOFa6sDlvOykMiAWVAZMsLHpGDhiwClIg==",
      "requires": {
        "@fluencelabs/interfaces": "0.5.0"
      },
      "dependencies": {
        "@fluencelabs/interfaces": {
          "version": "0.5.0",
          "resolved": "https://registry.npmjs.org/@fluencelabs/interfaces/-/interfaces-0.5.0.tgz",
          "integrity": "sha512-L3bukC3eYog82cEANAg+K7OS7CQxWvFRcdItWVZkW+Bz49uDALdkBD8Isgyl94MTKElK5i5kCiwyrxYoNmHBfA=="
        }
      }
    },
    "@fluencelabs/fluence-network-environment": {
      "version": "1.1.2",
      "resolved": "https://registry.npmjs.org/@fluencelabs/fluence-network-environment/-/fluence-network-environment-1.1.2.tgz",
      "integrity": "sha512-1Bp2gBy3oMEILMynFpOIFK/q2Pj792xpnb3AJs5QcTQAaHz9V2nrEI8OOPwBAFTmjmLBirXBqQQX63O+ePH7yg=="
    },
    "@fluencelabs/trust-graph": {
      "version": "3.0.4",
      "resolved": "https://registry.npmjs.org/@fluencelabs/trust-graph/-/trust-graph-3.0.4.tgz",
      "integrity": "sha512-4CWe/dBuZwrj5iU6mTrLz5JCSy5v1fw7dYjD65Pz05xWAbLH2jw72YIJfbMX0utzb1qiM8CooXv1XKPgutCIHQ==",
      "requires": {
        "@fluencelabs/aqua-lib": "^0.5.2"
      }
    }
  }
}
