{
  "name": "aqua-example",
  "version": "1.0.0",
  "lockfileVersion": 1,
  "requires": true,
  "dependencies": {
    "@fluencelabs/aqua": {
      "version": "0.1.14-207",
      "resolved": "https://registry.npmjs.org/@fluencelabs/aqua/-/aqua-0.1.14-207.tgz",
      "integrity": "sha512-Qz5082Pf8nYIitNN5RIGxn6ALsAQSXums5xWpB4eRI+FRtuVP+wvElTwn6PnpYvR61SUCkOcpBYPsABcfDaTCA=="
    },
    "@fluencelabs/aqua-dht": {
      "version": "0.1.37",
      "resolved": "https://registry.npmjs.org/@fluencelabs/aqua-dht/-/aqua-dht-0.1.37.tgz",
      "integrity": "sha512-q7SLC00NhddrR3i+oFnw64u6m+T01HTA5oVulI1hKW2ULT/ygRNV7GajeI9fKrNyHHh3Vg9+UDeWUFNUJU/0ow==",
      "requires": {
        "@fluencelabs/aqua-lib": "^0.1.10"
      }
    },
    "@fluencelabs/aqua-lib": {
      "version": "0.1.14",
      "resolved": "https://registry.npmjs.org/@fluencelabs/aqua-lib/-/aqua-lib-0.1.14.tgz",
      "integrity": "sha512-H2Q4gIvociUxc4J2mwmH0D+mrU2N2Z+enKCHgBCanMVEE2wZDsZ80GTbDKsQjEq+gpqbnJIk8lJBYW6lyvLJTg=="
    }
  }
}
