{
  "name": "aqua-tests",
  "version": "1.0.0",
  "lockfileVersion": 2,
  "requires": true,
  "packages": {
    "": {
      "name": "aqua-tests",
      "version": "1.0.0",
      "license": "MIT",
      "dependencies": {
        "@fluencelabs/aqua-lib": "0.6.0",
        "@fluencelabs/registry": "file:../aqua",
        "@fluencelabs/trust-graph": "3.0.4"
      },
      "devDependencies": {
        "@fluencelabs/aqua": "=0.0.1-ap"
      }
    },
    "../../aqua": {
      "extraneous": true
    },
    "../aqua": {
      "name": "@fluencelabs/registry",
      "version": "0.3.1",
      "license": "MIT",
      "dependencies": {
        "@fluencelabs/aqua-lib": "0.6.0",
        "@fluencelabs/trust-graph": "3.0.1"
      },
      "devDependencies": {
        "@fluencelabs/aqua": "0.7.7-353"
      }
    },
    "node_modules/@fluencelabs/aqua": {
      "version": "0.0.1-ap",
      "resolved": "https://registry.npmjs.org/@fluencelabs/aqua/-/aqua-0.0.1-ap.tgz",
      "integrity": "sha512-n3vpnUg0ajDHhjTjLNgkqnsPRVrgX4aBPF6w0VGCjompmkr8Gjw/WBSc4yjh4Q0VkTiXeZxT37Hj2xwmSOKO3g==",
      "dev": true,
      "bin": {
        "aqua": "index.js"
      }
    },
    "node_modules/@fluencelabs/aqua-lib": {
      "version": "0.6.0",
      "resolved": "https://registry.npmjs.org/@fluencelabs/aqua-lib/-/aqua-lib-0.6.0.tgz",
      "integrity": "sha512-ifjtCM93KO3LhzPkMxqmXhwLmrg/scjOiyTihEVg7ns5N+BVzaK1eWzdOdqGdl9ZVoah43pdlQUepEo7VdRmsw=="
    },
    "node_modules/@fluencelabs/registry": {
      "resolved": "../aqua",
      "link": true
    },
    "node_modules/@fluencelabs/trust-graph": {
      "version": "3.0.4",
      "resolved": "https://registry.npmjs.org/@fluencelabs/trust-graph/-/trust-graph-3.0.4.tgz",
      "integrity": "sha512-4CWe/dBuZwrj5iU6mTrLz5JCSy5v1fw7dYjD65Pz05xWAbLH2jw72YIJfbMX0utzb1qiM8CooXv1XKPgutCIHQ==",
      "dependencies": {
        "@fluencelabs/aqua-lib": "^0.5.2"
      }
    },
    "node_modules/@fluencelabs/trust-graph/node_modules/@fluencelabs/aqua-lib": {
      "version": "0.5.2",
      "resolved": "https://registry.npmjs.org/@fluencelabs/aqua-lib/-/aqua-lib-0.5.2.tgz",
      "integrity": "sha512-fmoFFE8myhLH9d+YR0+0ZPL2YIQyR6M1woAGu5d1xXI02Sjzn4id6dE4PpxHb8cSBPRie8AwsKobHCNqGxI8oA=="
    }
  },
  "dependencies": {
    "@fluencelabs/aqua": {
      "version": "0.0.1-ap",
      "resolved": "https://registry.npmjs.org/@fluencelabs/aqua/-/aqua-0.0.1-ap.tgz",
      "integrity": "sha512-n3vpnUg0ajDHhjTjLNgkqnsPRVrgX4aBPF6w0VGCjompmkr8Gjw/WBSc4yjh4Q0VkTiXeZxT37Hj2xwmSOKO3g==",
      "dev": true
    },
    "@fluencelabs/aqua-lib": {
      "version": "0.6.0",
      "resolved": "https://registry.npmjs.org/@fluencelabs/aqua-lib/-/aqua-lib-0.6.0.tgz",
      "integrity": "sha512-ifjtCM93KO3LhzPkMxqmXhwLmrg/scjOiyTihEVg7ns5N+BVzaK1eWzdOdqGdl9ZVoah43pdlQUepEo7VdRmsw=="
    },
    "@fluencelabs/registry": {
      "version": "file:../aqua",
      "requires": {
        "@fluencelabs/aqua": "0.7.7-353",
        "@fluencelabs/aqua-lib": "0.6.0",
        "@fluencelabs/trust-graph": "3.0.1"
      }
    },
    "@fluencelabs/trust-graph": {
      "version": "3.0.4",
      "resolved": "https://registry.npmjs.org/@fluencelabs/trust-graph/-/trust-graph-3.0.4.tgz",
      "integrity": "sha512-4CWe/dBuZwrj5iU6mTrLz5JCSy5v1fw7dYjD65Pz05xWAbLH2jw72YIJfbMX0utzb1qiM8CooXv1XKPgutCIHQ==",
      "requires": {
        "@fluencelabs/aqua-lib": "^0.5.2"
      },
      "dependencies": {
        "@fluencelabs/aqua-lib": {
          "version": "0.5.2",
          "resolved": "https://registry.npmjs.org/@fluencelabs/aqua-lib/-/aqua-lib-0.5.2.tgz",
          "integrity": "sha512-fmoFFE8myhLH9d+YR0+0ZPL2YIQyR6M1woAGu5d1xXI02Sjzn4id6dE4PpxHb8cSBPRie8AwsKobHCNqGxI8oA=="
        }
      }
    }
  }
}
