{
  "name": "aqua-tests",
  "lockfileVersion": 3,
  "requires": true,
  "packages": {
    "": {
      "devDependencies": {
        "@fluencelabs/fluence-network-environment": "1.1.2"
      }
    },
    "node_modules/@fluencelabs/fluence-network-environment": {
      "version": "1.1.2",
      "resolved": "https://registry.npmjs.org/@fluencelabs/fluence-network-environment/-/fluence-network-environment-1.1.2.tgz",
      "integrity": "sha512-1Bp2gBy3oMEILMynFpOIFK/q2Pj792xpnb3AJs5QcTQAaHz9V2nrEI8OOPwBAFTmjmLBirXBqQQX63O+ePH7yg==",
      "dev": true
    }
  }
}
