{
  "name": "@fluencelabs/registry",
  "version": "0.9.3",
  "lockfileVersion": 3,
  "requires": true,
  "packages": {
    "": {
      "name": "@fluencelabs/registry",
      "version": "0.9.3",
      "license": "MIT",
      "dependencies": {
        "@fluencelabs/aqua-lib": "0.9.0",
        "@fluencelabs/trust-graph": "0.4.10"
      }
    },
    "node_modules/@fluencelabs/aqua-lib": {
      "version": "0.9.0",
      "resolved": "https://registry.npmjs.org/@fluencelabs/aqua-lib/-/aqua-lib-0.9.0.tgz",
      "integrity": "sha512-V0xhc0UXBF6kjfL9Y/agWGQuW+ie2zckj37KWv8Dq4teYuo9N94O4Ynm7XULWHaaWtbWvzFcDcc6nc9qG7gxcQ=="
    },
    "node_modules/@fluencelabs/trust-graph": {
      "version": "0.4.10",
      "resolved": "https://registry.npmjs.org/@fluencelabs/trust-graph/-/trust-graph-0.4.10.tgz",
      "integrity": "sha512-Ixo1ifQGhCxVMDNROE4w9Dn9k9TcnpHxKS+B/PmeAlpiWwhHDprfYXU7pq6HCYGzR/nJwIvAE9T6boQAcgiMqw==",
      "dependencies": {
        "@fluencelabs/aqua-lib": "^0.9.0"
      }
    }
  }
}
