{
  "name": "@fluencelabs/aqua-dht",
  "version": "0.2.0",
  "lockfileVersion": 1,
  "requires": true,
  "dependencies": {
    "@fluencelabs/aqua": {
      "version": "0.1.14-207",
      "resolved": "https://registry.npmjs.org/@fluencelabs/aqua/-/aqua-0.1.14-207.tgz",
      "integrity": "sha512-Qz5082Pf8nYIitNN5RIGxn6ALsAQSXums5xWpB4eRI+FRtuVP+wvElTwn6PnpYvR61SUCkOcpBYPsABcfDaTCA==",
      "dev": true
    },
    "@fluencelabs/aqua-lib": {
      "version": "0.1.10",
      "resolved": "https://registry.npmjs.org/@fluencelabs/aqua-lib/-/aqua-lib-0.1.10.tgz",
      "integrity": "sha512-DB4fE4kqN6T3TcQLzgYuNnHZd2rT0MGQ6Yky/KXfy0HlH/xL2cYQHs0xctDwIRMytA7U3laYvyz7FWPc3wEiNg=="
    }
  }
}
