{
  "name": "@fluencelabs/registry",
  "version": "0.9.3",
  "lockfileVersion": 3,
  "requires": true,
  "packages": {
    "": {
      "name": "@fluencelabs/registry",
      "version": "0.9.3",
      "license": "MIT",
      "dependencies": {
        "@fluencelabs/aqua-lib": "0.8.2",
        "@fluencelabs/trust-graph": "3.1.2"
      }
    },
    "node_modules/@fluencelabs/aqua-lib": {
      "version": "0.8.2",
      "resolved": "https://registry.npmjs.org/@fluencelabs/aqua-lib/-/aqua-lib-0.8.2.tgz",
      "integrity": "sha512-z3kKy5hlgqA3yYvbofdSgcUcM2x0FLIj8t80UTwRwAyDmNfvKcLKNRD4BkbPqWfvLfz9NfASgqak9QAJ5h9/JQ=="
    },
    "node_modules/@fluencelabs/trust-graph": {
      "version": "3.1.2",
      "resolved": "https://registry.npmjs.org/@fluencelabs/trust-graph/-/trust-graph-3.1.2.tgz",
      "integrity": "sha512-HpyHtiomh09wv6/83z+bhbkqVngIUdqNGEXRTIPg4sArVPMZ9UCXBrkQsHDRqdMUx0lBAcgB3IjlbdhkwHGaXA==",
      "dependencies": {
        "@fluencelabs/aqua-lib": "^0.5.2"
      }
    },
    "node_modules/@fluencelabs/trust-graph/node_modules/@fluencelabs/aqua-lib": {
      "version": "0.5.2",
      "resolved": "https://registry.npmjs.org/@fluencelabs/aqua-lib/-/aqua-lib-0.5.2.tgz",
      "integrity": "sha512-fmoFFE8myhLH9d+YR0+0ZPL2YIQyR6M1woAGu5d1xXI02Sjzn4id6dE4PpxHb8cSBPRie8AwsKobHCNqGxI8oA=="
    }
  }
}
