{
  "name": "@fluencelabs/aqua-dht",
  "version": "0.1.0",
  "lockfileVersion": 2,
  "requires": true,
  "packages": {
    "": {
      "name": "@fluencelabs/aqua-dht",
      "version": "0.1.0",
      "license": "MIT",
      "dependencies": {
        "@fluencelabs/aqua-lib": "^0.1.5"
      },
      "devDependencies": {
        "@fluencelabs/aqua-cli": "^0.1.4-136"
      }
    },
    "node_modules/@fluencelabs/aqua-cli": {
      "version": "0.1.4-136",
      "resolved": "https://registry.npmjs.org/@fluencelabs/aqua-cli/-/aqua-cli-0.1.4-136.tgz",
      "integrity": "sha512-hvoS+Mc5xOlyWV2i7tCvnABSuSifoKQehoepaREerUhRvymAFwg7nOSc9HPtLY9Ou0j3H3TWhRgTI27+4wZrlA==",
      "dev": true,
      "bin": {
        "aqua-cli": "index.js"
      }
    },
    "node_modules/@fluencelabs/aqua-lib": {
      "version": "0.1.5",
      "resolved": "https://registry.npmjs.org/@fluencelabs/aqua-lib/-/aqua-lib-0.1.5.tgz",
      "integrity": "sha512-0f5Lo9NT4ZvN+S/oGYiNxLUtpZsTfDy2qL0D4SFPVoj2+YPPK2PKSzZnja2clfM1KHHP6kT6Jd20sHVBIxBMtw=="
    }
  },
  "dependencies": {
    "@fluencelabs/aqua-cli": {
      "version": "0.1.4-136",
      "resolved": "https://registry.npmjs.org/@fluencelabs/aqua-cli/-/aqua-cli-0.1.4-136.tgz",
      "integrity": "sha512-hvoS+Mc5xOlyWV2i7tCvnABSuSifoKQehoepaREerUhRvymAFwg7nOSc9HPtLY9Ou0j3H3TWhRgTI27+4wZrlA==",
      "dev": true
    },
    "@fluencelabs/aqua-lib": {
      "version": "0.1.5",
      "resolved": "https://registry.npmjs.org/@fluencelabs/aqua-lib/-/aqua-lib-0.1.5.tgz",
      "integrity": "sha512-0f5Lo9NT4ZvN+S/oGYiNxLUtpZsTfDy2qL0D4SFPVoj2+YPPK2PKSzZnja2clfM1KHHP6kT6Jd20sHVBIxBMtw=="
    }
  }
}
